
Microsoft Visual Studio Solution File, Format Version 12.00
# Visual Studio 15
VisualStudioVersion = 15.0.28010.2046
MinimumVisualStudioVersion = 10.0.40219.1
Project("{FAE04EC0-301F-11D3-BF4B-00C04F79EFBC}") = "Grafos", "Grafos\Grafos.csproj", "{F00B05FC-A199-4545-8A4B-1AA237D15150}"
EndProject
Global
	GlobalSection(SolutionConfigurationPlatforms) = preSolution
		Debug|Any CPU = Debug|Any CPU
		Release|Any CPU = Release|Any CPU
	EndGlobalSection
	GlobalSection(ProjectConfigurationPlatforms) = postSolution
		{F00B05FC-A199-4545-8A4B-1AA237D15150}.Debug|Any CPU.ActiveCfg = Debug|Any CPU
		{F00B05FC-A199-4545-8A4B-1AA237D15150}.Debug|Any CPU.Build.0 = Debug|Any CPU
		{F00B05FC-A199-4545-8A4B-1AA237D15150}.Release|Any CPU.ActiveCfg = Release|Any CPU
		{F00B05FC-A199-4545-8A4B-1AA237D15150}.Release|Any CPU.Build.0 = Release|Any CPU
	EndGlobalSection
	GlobalSection(SolutionProperties) = preSolution
		HideSolutionNode = FALSE
	EndGlobalSection
	GlobalSection(ExtensibilityGlobals) = postSolution
		SolutionGuid = {635ECE42-D132-407B-905A-90AD145918E6}
	EndGlobalSection
EndGlobal
